
Microsoft Visual Studio Solution File, Format Version 12.00
# Visual Studio Version 17
VisualStudioVersion = 17.0.31903.59
MinimumVisualStudioVersion = 10.0.40219.1
Project("{2150E333-8FDC-42A3-9474-1A3956D46DE8}") = "Client", "Client", "{2CB42F12-E813-91B3-7D11-3220E40BEF4A}"
EndProject
Project("{FAE04EC0-301F-11D3-BF4B-00C04F79EFBC}") = "SpaceShooterLAN", "Client\SpaceShooterLAN.csproj", "{0D34E26F-DA30-4CCB-A142-662A3B9D69A4}"
EndProject
Project("{2150E333-8FDC-42A3-9474-1A3956D46DE8}") = "Shared", "Shared", "{4F52FD11-658E-A102-6CD3-7D7C16FFA15B}"
EndProject
Project("{FAE04EC0-301F-11D3-BF4B-00C04F79EFBC}") = "SpaceShooter.Shared", "Shared\SpaceShooter.Shared.csproj", "{A41DEE8E-3120-4ADC-9479-CD5FCF3F67A5}"
EndProject
Project("{2150E333-8FDC-42A3-9474-1A3956D46DE8}") = "Server", "Server", "{DAD03CFC-D5FA-AC94-41C7-9ABAB326F09E}"
EndProject
Project("{FAE04EC0-301F-11D3-BF4B-00C04F79EFBC}") = "SpaceShooter.Server", "Server\SpaceShooter.Server.csproj", "{E03BEEC3-C52E-41B4-928B-15EA38F91ABA}"
EndProject
Project("{2150E333-8FDC-42A3-9474-1A3956D46DE8}") = "Tests", "Tests", "{0AB3BF05-4346-4AA6-1389-037BE0695223}"
EndProject
Project("{2150E333-8FDC-42A3-9474-1A3956D46DE8}") = "Shared.Tests", "Shared.Tests", "{6D843F49-89D4-DCDD-A5B9-C1BC9839FA21}"
EndProject
Project("{FAE04EC0-301F-11D3-BF4B-00C04F79EFBC}") = "SpaceShooter.Shared.Tests", "Tests\Shared.Tests\SpaceShooter.Shared.Tests.csproj", "{4D5B11DC-0B51-427C-8512-CEB3A968B0A9}"
EndProject
Project("{2150E333-8FDC-42A3-9474-1A3956D46DE8}") = "Server.Tests", "Server.Tests", "{2658A44F-3F15-1A0A-07B1-CD5314E98FD2}"
EndProject
Project("{FAE04EC0-301F-11D3-BF4B-00C04F79EFBC}") = "SpaceShooter.Server.Tests", "Tests\Server.Tests\SpaceShooter.Server.Tests.csproj", "{A0033A43-406A-41AC-8809-E733343F2DCE}"
EndProject
Global
	GlobalSection(SolutionConfigurationPlatforms) = preSolution
		Debug|Any CPU = Debug|Any CPU
		Debug|x64 = Debug|x64
		Debug|x86 = Debug|x86
		Release|Any CPU = Release|Any CPU
		Release|x64 = Release|x64
		Release|x86 = Release|x86
	EndGlobalSection
	GlobalSection(ProjectConfigurationPlatforms) = postSolution
		{0D34E26F-DA30-4CCB-A142-662A3B9D69A4}.Debug|Any CPU.ActiveCfg = Debug|Any CPU
		{0D34E26F-DA30-4CCB-A142-662A3B9D69A4}.Debug|Any CPU.Build.0 = Debug|Any CPU
		{0D34E26F-DA30-4CCB-A142-662A3B9D69A4}.Debug|x64.ActiveCfg = Debug|Any CPU
		{0D34E26F-DA30-4CCB-A142-662A3B9D69A4}.Debug|x64.Build.0 = Debug|Any CPU
		{0D34E26F-DA30-4CCB-A142-662A3B9D69A4}.Debug|x86.ActiveCfg = Debug|Any CPU
		{0D34E26F-DA30-4CCB-A142-662A3B9D69A4}.Debug|x86.Build.0 = Debug|Any CPU
		{0D34E26F-DA30-4CCB-A142-662A3B9D69A4}.Release|Any CPU.ActiveCfg = Debug|Any CPU
		{0D34E26F-DA30-4CCB-A142-662A3B9D69A4}.Release|Any CPU.Build.0 = Debug|Any CPU
		{0D34E26F-DA30-4CCB-A142-662A3B9D69A4}.Release|x64.ActiveCfg = Debug|Any CPU
		{0D34E26F-DA30-4CCB-A142-662A3B9D69A4}.Release|x64.Build.0 = Debug|Any CPU
		{0D34E26F-DA30-4CCB-A142-662A3B9D69A4}.Release|x86.ActiveCfg = Debug|Any CPU
		{0D34E26F-DA30-4CCB-A142-662A3B9D69A4}.Release|x86.Build.0 = Debug|Any CPU
		{A41DEE8E-3120-4ADC-9479-CD5FCF3F67A5}.Debug|Any CPU.ActiveCfg = Debug|Any CPU
		{A41DEE8E-3120-4ADC-9479-CD5FCF3F67A5}.Debug|Any CPU.Build.0 = Debug|Any CPU
		{A41DEE8E-3120-4ADC-9479-CD5FCF3F67A5}.Debug|x64.ActiveCfg = Debug|Any CPU
		{A41DEE8E-3120-4ADC-9479-CD5FCF3F67A5}.Debug|x64.Build.0 = Debug|Any CPU
		{A41DEE8E-3120-4ADC-9479-CD5FCF3F67A5}.Debug|x86.ActiveCfg = Debug|Any CPU
		{A41DEE8E-3120-4ADC-9479-CD5FCF3F67A5}.Debug|x86.Build.0 = Debug|Any CPU
		{A41DEE8E-3120-4ADC-9479-CD5FCF3F67A5}.Release|Any CPU.ActiveCfg = Release|Any CPU
		{A41DEE8E-3120-4ADC-9479-CD5FCF3F67A5}.Release|Any CPU.Build.0 = Release|Any CPU
		{A41DEE8E-3120-4ADC-9479-CD5FCF3F67A5}.Release|x64.ActiveCfg = Release|Any CPU
		{A41DEE8E-3120-4ADC-9479-CD5FCF3F67A5}.Release|x64.Build.0 = Release|Any CPU
		{A41DEE8E-3120-4ADC-9479-CD5FCF3F67A5}.Release|x86.ActiveCfg = Release|Any CPU
		{A41DEE8E-3120-4ADC-9479-CD5FCF3F67A5}.Release|x86.Build.0 = Release|Any CPU
		{E03BEEC3-C52E-41B4-928B-15EA38F91ABA}.Debug|Any CPU.ActiveCfg = Debug|Any CPU
		{E03BEEC3-C52E-41B4-928B-15EA38F91ABA}.Debug|Any CPU.Build.0 = Debug|Any CPU
		{E03BEEC3-C52E-41B4-928B-15EA38F91ABA}.Debug|x64.ActiveCfg = Debug|Any CPU
		{E03BEEC3-C52E-41B4-928B-15EA38F91ABA}.Debug|x64.Build.0 = Debug|Any CPU
		{E03BEEC3-C52E-41B4-928B-15EA38F91ABA}.Debug|x86.ActiveCfg = Debug|Any CPU
		{E03BEEC3-C52E-41B4-928B-15EA38F91ABA}.Debug|x86.Build.0 = Debug|Any CPU
		{E03BEEC3-C52E-41B4-928B-15EA38F91ABA}.Release|Any CPU.ActiveCfg = Release|Any CPU
		{E03BEEC3-C52E-41B4-928B-15EA38F91ABA}.Release|Any CPU.Build.0 = Release|Any CPU
		{E03BEEC3-C52E-41B4-928B-15EA38F91ABA}.Release|x64.ActiveCfg = Release|Any CPU
		{E03BEEC3-C52E-41B4-928B-15EA38F91ABA}.Release|x64.Build.0 = Release|Any CPU
		{E03BEEC3-C52E-41B4-928B-15EA38F91ABA}.Release|x86.ActiveCfg = Release|Any CPU
		{E03BEEC3-C52E-41B4-928B-15EA38F91ABA}.Release|x86.Build.0 = Release|Any CPU
		{4D5B11DC-0B51-427C-8512-CEB3A968B0A9}.Debug|Any CPU.ActiveCfg = Debug|Any CPU
		{4D5B11DC-0B51-427C-8512-CEB3A968B0A9}.Debug|Any CPU.Build.0 = Debug|Any CPU
		{4D5B11DC-0B51-427C-8512-CEB3A968B0A9}.Debug|x64.ActiveCfg = Debug|Any CPU
		{4D5B11DC-0B51-427C-8512-CEB3A968B0A9}.Debug|x64.Build.0 = Debug|Any CPU
		{4D5B11DC-0B51-427C-8512-CEB3A968B0A9}.Debug|x86.ActiveCfg = Debug|Any CPU
		{4D5B11DC-0B51-427C-8512-CEB3A968B0A9}.Debug|x86.Build.0 = Debug|Any CPU
		{4D5B11DC-0B51-427C-8512-CEB3A968B0A9}.Release|Any CPU.ActiveCfg = Release|Any CPU
		{4D5B11DC-0B51-427C-8512-CEB3A968B0A9}.Release|Any CPU.Build.0 = Release|Any CPU
		{4D5B11DC-0B51-427C-8512-CEB3A968B0A9}.Release|x64.ActiveCfg = Release|Any CPU
		{4D5B11DC-0B51-427C-8512-CEB3A968B0A9}.Release|x64.Build.0 = Release|Any CPU
		{4D5B11DC-0B51-427C-8512-CEB3A968B0A9}.Release|x86.ActiveCfg = Release|Any CPU
		{4D5B11DC-0B51-427C-8512-CEB3A968B0A9}.Release|x86.Build.0 = Release|Any CPU
		{A0033A43-406A-41AC-8809-E733343F2DCE}.Debug|Any CPU.ActiveCfg = Debug|Any CPU
		{A0033A43-406A-41AC-8809-E733343F2DCE}.Debug|Any CPU.Build.0 = Debug|Any CPU
		{A0033A43-406A-41AC-8809-E733343F2DCE}.Debug|x64.ActiveCfg = Debug|Any CPU
		{A0033A43-406A-41AC-8809-E733343F2DCE}.Debug|x64.Build.0 = Debug|Any CPU
		{A0033A43-406A-41AC-8809-E733343F2DCE}.Debug|x86.ActiveCfg = Debug|Any CPU
		{A0033A43-406A-41AC-8809-E733343F2DCE}.Debug|x86.Build.0 = Debug|Any CPU
		{A0033A43-406A-41AC-8809-E733343F2DCE}.Release|Any CPU.ActiveCfg = Release|Any CPU
		{A0033A43-406A-41AC-8809-E733343F2DCE}.Release|Any CPU.Build.0 = Release|Any CPU
		{A0033A43-406A-41AC-8809-E733343F2DCE}.Release|x64.ActiveCfg = Release|Any CPU
		{A0033A43-406A-41AC-8809-E733343F2DCE}.Release|x64.Build.0 = Release|Any CPU
		{A0033A43-406A-41AC-8809-E733343F2DCE}.Release|x86.ActiveCfg = Release|Any CPU
		{A0033A43-406A-41AC-8809-E733343F2DCE}.Release|x86.Build.0 = Release|Any CPU
	EndGlobalSection
	GlobalSection(SolutionProperties) = preSolution
		HideSolutionNode = FALSE
	EndGlobalSection
	GlobalSection(NestedProjects) = preSolution
		{0D34E26F-DA30-4CCB-A142-662A3B9D69A4} = {2CB42F12-E813-91B3-7D11-3220E40BEF4A}
		{A41DEE8E-3120-4ADC-9479-CD5FCF3F67A5} = {4F52FD11-658E-A102-6CD3-7D7C16FFA15B}
		{E03BEEC3-C52E-41B4-928B-15EA38F91ABA} = {DAD03CFC-D5FA-AC94-41C7-9ABAB326F09E}
		{6D843F49-89D4-DCDD-A5B9-C1BC9839FA21} = {0AB3BF05-4346-4AA6-1389-037BE0695223}
		{4D5B11DC-0B51-427C-8512-CEB3A968B0A9} = {6D843F49-89D4-DCDD-A5B9-C1BC9839FA21}
		{2658A44F-3F15-1A0A-07B1-CD5314E98FD2} = {0AB3BF05-4346-4AA6-1389-037BE0695223}
		{A0033A43-406A-41AC-8809-E733343F2DCE} = {2658A44F-3F15-1A0A-07B1-CD5314E98FD2}
	EndGlobalSection
EndGlobal
